
Microsoft Visual Studio Solution File, Format Version 12.00
# Visual Studio Version 17
VisualStudioVersion = 17.4.33403.182
MinimumVisualStudioVersion = 10.0.40219.1
Project("{888888A0-9F3D-457C-B088-3A5042F75D52}") = "POSBEC_transactions", "POSBEC_transactions\POSBEC_transactions.pyproj", "{485EBD4D-B451-4F3B-AFEE-9AFAF0DF72E6}"
EndProject
Global
	GlobalSection(SolutionConfigurationPlatforms) = preSolution
		Debug|Any CPU = Debug|Any CPU
		Release|Any CPU = Release|Any CPU
	EndGlobalSection
	GlobalSection(ProjectConfigurationPlatforms) = postSolution
		{485EBD4D-B451-4F3B-AFEE-9AFAF0DF72E6}.Debug|Any CPU.ActiveCfg = Debug|Any CPU
		{485EBD4D-B451-4F3B-AFEE-9AFAF0DF72E6}.Release|Any CPU.ActiveCfg = Release|Any CPU
	EndGlobalSection
	GlobalSection(SolutionProperties) = preSolution
		HideSolutionNode = FALSE
	EndGlobalSection
	GlobalSection(ExtensibilityGlobals) = postSolution
		SolutionGuid = {8638C6AC-2787-48F5-AD55-B01A3698534A}
	EndGlobalSection
EndGlobal
